
Microsoft Visual Studio Solution File, Format Version 12.00
# Visual Studio Version 16
VisualStudioVersion = 16.0.29806.167
MinimumVisualStudioVersion = 10.0.40219.1
Project("{9A19103F-16F7-4668-BE54-9A1E7A4F7556}") = "CovidTracking.Api", "CovidTracking.Api\CovidTracking.Api.csproj", "{ABEE7EE9-34D6-4EBA-9ADA-D8E2E300D7C0}"
EndProject
Project("{9A19103F-16F7-4668-BE54-9A1E7A4F7556}") = "CovidTracking.Tests", "CovidTracking.Tests\CovidTracking.Tests.csproj", "{CD0CE32D-FF06-423A-A863-0911605B08C6}"
EndProject
Project("{2150E333-8FDC-42A3-9474-1A3956D46DE8}") = "Solution Items", "Solution Items", "{4CA596A6-BC38-4FA6-A868-7BDEABEE54C8}"
	ProjectSection(SolutionItems) = preProject
		.gitignore = .gitignore
		coronavirus_64.png = coronavirus_64.png
		LICENSE = LICENSE
		README.md = README.md
	EndProjectSection
EndProject
Project("{9A19103F-16F7-4668-BE54-9A1E7A4F7556}") = "CovidTracking.Example", "CovidTracking.Example\CovidTracking.Example.csproj", "{EB25D798-0741-4529-A17A-79CE7F9FEE92}"
EndProject
Global
	GlobalSection(SolutionConfigurationPlatforms) = preSolution
		Debug|Any CPU = Debug|Any CPU
		Release|Any CPU = Release|Any CPU
	EndGlobalSection
	GlobalSection(ProjectConfigurationPlatforms) = postSolution
		{ABEE7EE9-34D6-4EBA-9ADA-D8E2E300D7C0}.Debug|Any CPU.ActiveCfg = Debug|Any CPU
		{ABEE7EE9-34D6-4EBA-9ADA-D8E2E300D7C0}.Debug|Any CPU.Build.0 = Debug|Any CPU
		{ABEE7EE9-34D6-4EBA-9ADA-D8E2E300D7C0}.Release|Any CPU.ActiveCfg = Release|Any CPU
		{ABEE7EE9-34D6-4EBA-9ADA-D8E2E300D7C0}.Release|Any CPU.Build.0 = Release|Any CPU
		{CD0CE32D-FF06-423A-A863-0911605B08C6}.Debug|Any CPU.ActiveCfg = Debug|Any CPU
		{CD0CE32D-FF06-423A-A863-0911605B08C6}.Debug|Any CPU.Build.0 = Debug|Any CPU
		{CD0CE32D-FF06-423A-A863-0911605B08C6}.Release|Any CPU.ActiveCfg = Release|Any CPU
		{CD0CE32D-FF06-423A-A863-0911605B08C6}.Release|Any CPU.Build.0 = Release|Any CPU
		{EB25D798-0741-4529-A17A-79CE7F9FEE92}.Debug|Any CPU.ActiveCfg = Debug|Any CPU
		{EB25D798-0741-4529-A17A-79CE7F9FEE92}.Debug|Any CPU.Build.0 = Debug|Any CPU
		{EB25D798-0741-4529-A17A-79CE7F9FEE92}.Release|Any CPU.ActiveCfg = Release|Any CPU
		{EB25D798-0741-4529-A17A-79CE7F9FEE92}.Release|Any CPU.Build.0 = Release|Any CPU
	EndGlobalSection
	GlobalSection(SolutionProperties) = preSolution
		HideSolutionNode = FALSE
	EndGlobalSection
	GlobalSection(ExtensibilityGlobals) = postSolution
		SolutionGuid = {84568081-41FF-4A0D-96F8-B29F72AD0A2E}
	EndGlobalSection
EndGlobal
